
Microsoft Visual Studio Solution File, Format Version 12.00
# Visual Studio 2017
Project("{FAE04EC0-301F-11D3-BF4B-00C04F79EFBC}") = "Pokemon United Tournament Evolution", "Pokemon United Tournament Evolution.csproj", "{F7EF1F39-B6B9-335E-0488-A27B38259CCC}"
EndProject
Global
	GlobalSection(SolutionConfigurationPlatforms) = preSolution
		Debug|Any CPU = Debug|Any CPU
		Release|Any CPU = Release|Any CPU
	EndGlobalSection
	GlobalSection(ProjectConfigurationPlatforms) = postSolution
		{F7EF1F39-B6B9-335E-0488-A27B38259CCC}.Debug|Any CPU.ActiveCfg = Debug|Any CPU
		{F7EF1F39-B6B9-335E-0488-A27B38259CCC}.Debug|Any CPU.Build.0 = Debug|Any CPU
		{F7EF1F39-B6B9-335E-0488-A27B38259CCC}.Release|Any CPU.ActiveCfg = Release|Any CPU
		{F7EF1F39-B6B9-335E-0488-A27B38259CCC}.Release|Any CPU.Build.0 = Release|Any CPU
	EndGlobalSection
	GlobalSection(SolutionProperties) = preSolution
		HideSolutionNode = FALSE
	EndGlobalSection
EndGlobal
