
Microsoft Visual Studio Solution File, Format Version 12.00
# Visual Studio 15
VisualStudioVersion = 15.0.27004.2002
MinimumVisualStudioVersion = 10.0.40219.1
Project("{262852C6-CD72-467D-83FE-5EEB1973A190}") = "PokemonUnitedTE", "PokemonUnitedTE\PokemonUnitedTE.jsproj", "{C771AAD7-3363-4FCE-9087-75360C0BF0FC}"
EndProject
Global
	GlobalSection(SolutionConfigurationPlatforms) = preSolution
		Debug|Android = Debug|Android
		Debug|iOS = Debug|iOS
		Debug|Windows-ARM = Debug|Windows-ARM
		Debug|Windows-x64 = Debug|Windows-x64
		Debug|Windows-x86 = Debug|Windows-x86
		Release|Android = Release|Android
		Release|iOS = Release|iOS
		Release|Windows-ARM = Release|Windows-ARM
		Release|Windows-x64 = Release|Windows-x64
		Release|Windows-x86 = Release|Windows-x86
	EndGlobalSection
	GlobalSection(ProjectConfigurationPlatforms) = postSolution
		{C771AAD7-3363-4FCE-9087-75360C0BF0FC}.Debug|Android.ActiveCfg = Debug|Android
		{C771AAD7-3363-4FCE-9087-75360C0BF0FC}.Debug|Android.Build.0 = Debug|Android
		{C771AAD7-3363-4FCE-9087-75360C0BF0FC}.Debug|Android.Deploy.0 = Debug|Android
		{C771AAD7-3363-4FCE-9087-75360C0BF0FC}.Debug|iOS.ActiveCfg = Debug|iOS
		{C771AAD7-3363-4FCE-9087-75360C0BF0FC}.Debug|iOS.Build.0 = Debug|iOS
		{C771AAD7-3363-4FCE-9087-75360C0BF0FC}.Debug|iOS.Deploy.0 = Debug|iOS
		{C771AAD7-3363-4FCE-9087-75360C0BF0FC}.Debug|Windows-ARM.ActiveCfg = Debug|Windows-ARM
		{C771AAD7-3363-4FCE-9087-75360C0BF0FC}.Debug|Windows-ARM.Build.0 = Debug|Windows-ARM
		{C771AAD7-3363-4FCE-9087-75360C0BF0FC}.Debug|Windows-ARM.Deploy.0 = Debug|Windows-ARM
		{C771AAD7-3363-4FCE-9087-75360C0BF0FC}.Debug|Windows-x64.ActiveCfg = Debug|Windows-x64
		{C771AAD7-3363-4FCE-9087-75360C0BF0FC}.Debug|Windows-x64.Build.0 = Debug|Windows-x64
		{C771AAD7-3363-4FCE-9087-75360C0BF0FC}.Debug|Windows-x64.Deploy.0 = Debug|Windows-x64
		{C771AAD7-3363-4FCE-9087-75360C0BF0FC}.Debug|Windows-x86.ActiveCfg = Debug|Windows-x86
		{C771AAD7-3363-4FCE-9087-75360C0BF0FC}.Debug|Windows-x86.Build.0 = Debug|Windows-x86
		{C771AAD7-3363-4FCE-9087-75360C0BF0FC}.Debug|Windows-x86.Deploy.0 = Debug|Windows-x86
		{C771AAD7-3363-4FCE-9087-75360C0BF0FC}.Release|Android.ActiveCfg = Release|Android
		{C771AAD7-3363-4FCE-9087-75360C0BF0FC}.Release|Android.Build.0 = Release|Android
		{C771AAD7-3363-4FCE-9087-75360C0BF0FC}.Release|Android.Deploy.0 = Release|Android
		{C771AAD7-3363-4FCE-9087-75360C0BF0FC}.Release|iOS.ActiveCfg = Release|iOS
		{C771AAD7-3363-4FCE-9087-75360C0BF0FC}.Release|iOS.Build.0 = Release|iOS
		{C771AAD7-3363-4FCE-9087-75360C0BF0FC}.Release|iOS.Deploy.0 = Release|iOS
		{C771AAD7-3363-4FCE-9087-75360C0BF0FC}.Release|Windows-ARM.ActiveCfg = Release|Windows-ARM
		{C771AAD7-3363-4FCE-9087-75360C0BF0FC}.Release|Windows-ARM.Build.0 = Release|Windows-ARM
		{C771AAD7-3363-4FCE-9087-75360C0BF0FC}.Release|Windows-ARM.Deploy.0 = Release|Windows-ARM
		{C771AAD7-3363-4FCE-9087-75360C0BF0FC}.Release|Windows-x64.ActiveCfg = Release|Windows-x64
		{C771AAD7-3363-4FCE-9087-75360C0BF0FC}.Release|Windows-x64.Build.0 = Release|Windows-x64
		{C771AAD7-3363-4FCE-9087-75360C0BF0FC}.Release|Windows-x64.Deploy.0 = Release|Windows-x64
		{C771AAD7-3363-4FCE-9087-75360C0BF0FC}.Release|Windows-x86.ActiveCfg = Release|Windows-x86
		{C771AAD7-3363-4FCE-9087-75360C0BF0FC}.Release|Windows-x86.Build.0 = Release|Windows-x86
		{C771AAD7-3363-4FCE-9087-75360C0BF0FC}.Release|Windows-x86.Deploy.0 = Release|Windows-x86
	EndGlobalSection
	GlobalSection(SolutionProperties) = preSolution
		HideSolutionNode = FALSE
	EndGlobalSection
	GlobalSection(ExtensibilityGlobals) = postSolution
		SolutionGuid = {F3CC31C9-24E1-4696-B552-7A188BC6125C}
	EndGlobalSection
EndGlobal
